
Microsoft Visual Studio Solution File, Format Version 12.00
Project("{FAE04EC0-301F-11D3-BF4B-00C04F79EFBC}") = "MathMax.Mobile", "MathMax.Mobile\MathMax.Mobile.csproj", "{06E4B178-25C9-4D92-9593-204B2A11E099}"
EndProject
Project("{FAE04EC0-301F-11D3-BF4B-00C04F79EFBC}") = "MathMax.Desktop", "MathMax.Desktop\MathMax.Desktop.csproj", "{8E3BC5BF-A867-4C42-B2FB-13AA82157EA0}"
EndProject
Project("{FAE04EC0-301F-11D3-BF4B-00C04F79EFBC}") = "MathMax.Infrastructure", "MathMax.Infrastructure\MathMax.Infrastructure.csproj", "{82DBE595-73F8-4BAD-9096-F587D9566F4D}"
EndProject
Global
	GlobalSection(SolutionConfigurationPlatforms) = preSolution
		Debug|Any CPU = Debug|Any CPU
		Release|Any CPU = Release|Any CPU
	EndGlobalSection
	GlobalSection(ProjectConfigurationPlatforms) = postSolution
		{06E4B178-25C9-4D92-9593-204B2A11E099}.Debug|Any CPU.ActiveCfg = Debug|Any CPU
		{06E4B178-25C9-4D92-9593-204B2A11E099}.Debug|Any CPU.Build.0 = Debug|Any CPU
		{06E4B178-25C9-4D92-9593-204B2A11E099}.Debug|Any CPU.Deploy.0 = Debug|Any CPU
		{06E4B178-25C9-4D92-9593-204B2A11E099}.Release|Any CPU.ActiveCfg = Release|Any CPU
		{06E4B178-25C9-4D92-9593-204B2A11E099}.Release|Any CPU.Build.0 = Release|Any CPU
		{06E4B178-25C9-4D92-9593-204B2A11E099}.Release|Any CPU.Deploy.0 = Release|Any CPU
		{8E3BC5BF-A867-4C42-B2FB-13AA82157EA0}.Debug|Any CPU.ActiveCfg = Debug|Any CPU
		{8E3BC5BF-A867-4C42-B2FB-13AA82157EA0}.Debug|Any CPU.Build.0 = Debug|Any CPU
		{8E3BC5BF-A867-4C42-B2FB-13AA82157EA0}.Release|Any CPU.ActiveCfg = Release|Any CPU
		{8E3BC5BF-A867-4C42-B2FB-13AA82157EA0}.Release|Any CPU.Build.0 = Release|Any CPU
		{82DBE595-73F8-4BAD-9096-F587D9566F4D}.Debug|Any CPU.ActiveCfg = Debug|Any CPU
		{82DBE595-73F8-4BAD-9096-F587D9566F4D}.Debug|Any CPU.Build.0 = Debug|Any CPU
		{82DBE595-73F8-4BAD-9096-F587D9566F4D}.Release|Any CPU.ActiveCfg = Release|Any CPU
		{82DBE595-73F8-4BAD-9096-F587D9566F4D}.Release|Any CPU.Build.0 = Release|Any CPU
	EndGlobalSection
EndGlobal
